
Microsoft Visual Studio Solution File, Format Version 12.00
# Visual Studio 14
VisualStudioVersion = 14.0.24720.0
MinimumVisualStudioVersion = 10.0.40219.1
Project("{FAE04EC0-301F-11D3-BF4B-00C04F79EFBC}") = "ValidationEngine", "ValidationEngine\ValidationEngine.csproj", "{59AF24F7-4907-4F3A-A8A1-85D4DA43B8A7}"
EndProject
Project("{FAE04EC0-301F-11D3-BF4B-00C04F79EFBC}") = "ValidationEngineTests", "ValidationEngineTests\ValidationEngineTests.csproj", "{836DEC1E-D6B2-421C-9157-6425798ABCE9}"
EndProject
Project("{FAE04EC0-301F-11D3-BF4B-00C04F79EFBC}") = "TravelAgency", "TravelAgency\TravelAgency.csproj", "{F0835C07-CEC9-4B12-8FCE-B69FEF420305}"
EndProject
Project("{FAE04EC0-301F-11D3-BF4B-00C04F79EFBC}") = "TravelAgencyTests", "TravelAgencyTests\TravelAgencyTests.csproj", "{DB94B2A2-63B0-49CF-9DA6-E32AE0A71A5D}"
EndProject
Project("{FAE04EC0-301F-11D3-BF4B-00C04F79EFBC}") = "Calculator", "Calculator\Calculator.csproj", "{09948448-8E1A-4C9E-9BFF-2271D11F9C53}"
EndProject
Project("{FAE04EC0-301F-11D3-BF4B-00C04F79EFBC}") = "CalculatorTests", "CalculatorTests\CalculatorTests.csproj", "{47440722-B1A1-48E6-9911-7FBA2C0F4A00}"
EndProject
Project("{FAE04EC0-301F-11D3-BF4B-00C04F79EFBC}") = "TravelAgencyExerciseFour", "TravelAgencyExerciseFour\TravelAgencyExerciseFour.csproj", "{50BD9944-F045-4030-BFB4-5CDF1AEF361A}"
EndProject
Project("{FAE04EC0-301F-11D3-BF4B-00C04F79EFBC}") = "TravelAgencyExerciseFourTests", "TravelAgencyExerciseFourTests\TravelAgencyExerciseFourTests.csproj", "{938E8A49-83F5-4CE3-94FE-97393EE788FF}"
EndProject
Global
	GlobalSection(SolutionConfigurationPlatforms) = preSolution
		Debug|Any CPU = Debug|Any CPU
		Release|Any CPU = Release|Any CPU
	EndGlobalSection
	GlobalSection(ProjectConfigurationPlatforms) = postSolution
		{59AF24F7-4907-4F3A-A8A1-85D4DA43B8A7}.Debug|Any CPU.ActiveCfg = Debug|Any CPU
		{59AF24F7-4907-4F3A-A8A1-85D4DA43B8A7}.Debug|Any CPU.Build.0 = Debug|Any CPU
		{59AF24F7-4907-4F3A-A8A1-85D4DA43B8A7}.Release|Any CPU.ActiveCfg = Release|Any CPU
		{59AF24F7-4907-4F3A-A8A1-85D4DA43B8A7}.Release|Any CPU.Build.0 = Release|Any CPU
		{836DEC1E-D6B2-421C-9157-6425798ABCE9}.Debug|Any CPU.ActiveCfg = Debug|Any CPU
		{836DEC1E-D6B2-421C-9157-6425798ABCE9}.Debug|Any CPU.Build.0 = Debug|Any CPU
		{836DEC1E-D6B2-421C-9157-6425798ABCE9}.Release|Any CPU.ActiveCfg = Release|Any CPU
		{836DEC1E-D6B2-421C-9157-6425798ABCE9}.Release|Any CPU.Build.0 = Release|Any CPU
		{F0835C07-CEC9-4B12-8FCE-B69FEF420305}.Debug|Any CPU.ActiveCfg = Debug|Any CPU
		{F0835C07-CEC9-4B12-8FCE-B69FEF420305}.Debug|Any CPU.Build.0 = Debug|Any CPU
		{F0835C07-CEC9-4B12-8FCE-B69FEF420305}.Release|Any CPU.ActiveCfg = Release|Any CPU
		{F0835C07-CEC9-4B12-8FCE-B69FEF420305}.Release|Any CPU.Build.0 = Release|Any CPU
		{DB94B2A2-63B0-49CF-9DA6-E32AE0A71A5D}.Debug|Any CPU.ActiveCfg = Debug|Any CPU
		{DB94B2A2-63B0-49CF-9DA6-E32AE0A71A5D}.Debug|Any CPU.Build.0 = Debug|Any CPU
		{DB94B2A2-63B0-49CF-9DA6-E32AE0A71A5D}.Release|Any CPU.ActiveCfg = Release|Any CPU
		{DB94B2A2-63B0-49CF-9DA6-E32AE0A71A5D}.Release|Any CPU.Build.0 = Release|Any CPU
		{09948448-8E1A-4C9E-9BFF-2271D11F9C53}.Debug|Any CPU.ActiveCfg = Debug|Any CPU
		{09948448-8E1A-4C9E-9BFF-2271D11F9C53}.Debug|Any CPU.Build.0 = Debug|Any CPU
		{09948448-8E1A-4C9E-9BFF-2271D11F9C53}.Release|Any CPU.ActiveCfg = Release|Any CPU
		{09948448-8E1A-4C9E-9BFF-2271D11F9C53}.Release|Any CPU.Build.0 = Release|Any CPU
		{47440722-B1A1-48E6-9911-7FBA2C0F4A00}.Debug|Any CPU.ActiveCfg = Debug|Any CPU
		{47440722-B1A1-48E6-9911-7FBA2C0F4A00}.Debug|Any CPU.Build.0 = Debug|Any CPU
		{47440722-B1A1-48E6-9911-7FBA2C0F4A00}.Release|Any CPU.ActiveCfg = Release|Any CPU
		{47440722-B1A1-48E6-9911-7FBA2C0F4A00}.Release|Any CPU.Build.0 = Release|Any CPU
		{50BD9944-F045-4030-BFB4-5CDF1AEF361A}.Debug|Any CPU.ActiveCfg = Debug|Any CPU
		{50BD9944-F045-4030-BFB4-5CDF1AEF361A}.Debug|Any CPU.Build.0 = Debug|Any CPU
		{50BD9944-F045-4030-BFB4-5CDF1AEF361A}.Release|Any CPU.ActiveCfg = Release|Any CPU
		{50BD9944-F045-4030-BFB4-5CDF1AEF361A}.Release|Any CPU.Build.0 = Release|Any CPU
		{938E8A49-83F5-4CE3-94FE-97393EE788FF}.Debug|Any CPU.ActiveCfg = Debug|Any CPU
		{938E8A49-83F5-4CE3-94FE-97393EE788FF}.Debug|Any CPU.Build.0 = Debug|Any CPU
		{938E8A49-83F5-4CE3-94FE-97393EE788FF}.Release|Any CPU.ActiveCfg = Release|Any CPU
		{938E8A49-83F5-4CE3-94FE-97393EE788FF}.Release|Any CPU.Build.0 = Release|Any CPU
	EndGlobalSection
	GlobalSection(SolutionProperties) = preSolution
		HideSolutionNode = FALSE
	EndGlobalSection
EndGlobal
